
Microsoft Visual Studio Solution File, Format Version 12.00
# Visual Studio Version 16
VisualStudioVersion = 16.0.31019.35
MinimumVisualStudioVersion = 10.0.40219.1
Project("{FAE04EC0-301F-11D3-BF4B-00C04F79EFBC}") = "TimetableForCinema", "TimetableForCinema\TimetableForCinema.csproj", "{BD34290D-1A82-4D72-899C-D2A73EA99594}"
EndProject
Project("{FAE04EC0-301F-11D3-BF4B-00C04F79EFBC}") = "TimetableForCinema.Tests", "TimetableForCinema.Tests\TimetableForCinema.Tests.csproj", "{052A2882-412C-406A-89B7-EB1756E29B1D}"
EndProject
Global
	GlobalSection(SolutionConfigurationPlatforms) = preSolution
		Debug|Any CPU = Debug|Any CPU
		Release|Any CPU = Release|Any CPU
	EndGlobalSection
	GlobalSection(ProjectConfigurationPlatforms) = postSolution
		{BD34290D-1A82-4D72-899C-D2A73EA99594}.Debug|Any CPU.ActiveCfg = Debug|Any CPU
		{BD34290D-1A82-4D72-899C-D2A73EA99594}.Debug|Any CPU.Build.0 = Debug|Any CPU
		{BD34290D-1A82-4D72-899C-D2A73EA99594}.Release|Any CPU.ActiveCfg = Release|Any CPU
		{BD34290D-1A82-4D72-899C-D2A73EA99594}.Release|Any CPU.Build.0 = Release|Any CPU
		{052A2882-412C-406A-89B7-EB1756E29B1D}.Debug|Any CPU.ActiveCfg = Debug|Any CPU
		{052A2882-412C-406A-89B7-EB1756E29B1D}.Debug|Any CPU.Build.0 = Debug|Any CPU
		{052A2882-412C-406A-89B7-EB1756E29B1D}.Release|Any CPU.ActiveCfg = Release|Any CPU
		{052A2882-412C-406A-89B7-EB1756E29B1D}.Release|Any CPU.Build.0 = Release|Any CPU
	EndGlobalSection
	GlobalSection(SolutionProperties) = preSolution
		HideSolutionNode = FALSE
	EndGlobalSection
	GlobalSection(ExtensibilityGlobals) = postSolution
		SolutionGuid = {5D1C28BE-98F7-4EA8-90C9-736924C6DDCA}
	EndGlobalSection
EndGlobal
